
Microsoft Visual Studio Solution File, Format Version 12.00
# Visual Studio 2013
VisualStudioVersion = 12.0.31101.0
MinimumVisualStudioVersion = 10.0.40219.1
Project("{FAE04EC0-301F-11D3-BF4B-00C04F79EFBC}") = "OwinWorkerRole", "OwinWorkerRole\OwinWorkerRole.csproj", "{1560690B-B618-499C-AE7F-C918EBB9F5D9}"
EndProject
Project("{FAE04EC0-301F-11D3-BF4B-00C04F79EFBC}") = "ngOwinSpa", "ngOwinSpa\ngOwinSpa.csproj", "{7B1C220E-B1E2-41F1-9019-70D4BFCA5A92}"
EndProject
Project("{FAE04EC0-301F-11D3-BF4B-00C04F79EFBC}") = "ngOwinApi", "ngOwinApi\ngOwinApi.csproj", "{66FE32EA-76B6-4B41-9B39-20BEA5457D6C}"
EndProject
Project("{CC5FD16D-436D-48AD-A40C-5A424C6E3E79}") = "ngOwinAzure", "ngOwinAzure\ngOwinAzure.ccproj", "{9E4021A0-AD93-48B4-A24E-DE89CCF69701}"
EndProject
Global
	GlobalSection(SolutionConfigurationPlatforms) = preSolution
		Debug|Any CPU = Debug|Any CPU
		Release|Any CPU = Release|Any CPU
	EndGlobalSection
	GlobalSection(ProjectConfigurationPlatforms) = postSolution
		{1560690B-B618-499C-AE7F-C918EBB9F5D9}.Debug|Any CPU.ActiveCfg = Debug|Any CPU
		{1560690B-B618-499C-AE7F-C918EBB9F5D9}.Debug|Any CPU.Build.0 = Debug|Any CPU
		{1560690B-B618-499C-AE7F-C918EBB9F5D9}.Release|Any CPU.ActiveCfg = Release|Any CPU
		{1560690B-B618-499C-AE7F-C918EBB9F5D9}.Release|Any CPU.Build.0 = Release|Any CPU
		{7B1C220E-B1E2-41F1-9019-70D4BFCA5A92}.Debug|Any CPU.ActiveCfg = Debug|Any CPU
		{7B1C220E-B1E2-41F1-9019-70D4BFCA5A92}.Debug|Any CPU.Build.0 = Debug|Any CPU
		{7B1C220E-B1E2-41F1-9019-70D4BFCA5A92}.Release|Any CPU.ActiveCfg = Release|Any CPU
		{7B1C220E-B1E2-41F1-9019-70D4BFCA5A92}.Release|Any CPU.Build.0 = Release|Any CPU
		{66FE32EA-76B6-4B41-9B39-20BEA5457D6C}.Debug|Any CPU.ActiveCfg = Debug|Any CPU
		{66FE32EA-76B6-4B41-9B39-20BEA5457D6C}.Debug|Any CPU.Build.0 = Debug|Any CPU
		{66FE32EA-76B6-4B41-9B39-20BEA5457D6C}.Release|Any CPU.ActiveCfg = Release|Any CPU
		{66FE32EA-76B6-4B41-9B39-20BEA5457D6C}.Release|Any CPU.Build.0 = Release|Any CPU
		{9E4021A0-AD93-48B4-A24E-DE89CCF69701}.Debug|Any CPU.ActiveCfg = Debug|Any CPU
		{9E4021A0-AD93-48B4-A24E-DE89CCF69701}.Debug|Any CPU.Build.0 = Debug|Any CPU
		{9E4021A0-AD93-48B4-A24E-DE89CCF69701}.Release|Any CPU.ActiveCfg = Release|Any CPU
		{9E4021A0-AD93-48B4-A24E-DE89CCF69701}.Release|Any CPU.Build.0 = Release|Any CPU
	EndGlobalSection
	GlobalSection(SolutionProperties) = preSolution
		HideSolutionNode = FALSE
	EndGlobalSection
EndGlobal
